lockfileVersion: '9.0'

settings:
  autoInstallPeers: true
  excludeLinksFromLockfile: false

importers:

  .:
    devDependencies:
      multiform-validator:
        specifier: ^2.7.0
        version: 2.7.0
      typescript:
        specifier: ^5.9.3
        version: 5.9.3

packages:

  multiform-validator@2.7.0:
    resolution: {integrity: sha512-R2VOCLTFgWjP1bnZNz522v9zyljhvvcRJ+8YGhtTJz+D8Ty/OGlE7BjXfAlsc5VJfODJkLgV2K+2a3Chh6812Q==}

  typescript@5.9.3:
    resolution: {integrity: sha512-jl1vZzPDinLr9eUt3J/t7V6FgNEw9QjvBPdysz9KfQDD41fQrC2Y4vKQdiaUpFT4bXlb1RHhLpp8wtm6M5TgSw==}
    engines: {node: '>=14.17'}
    hasBin: true

snapshots:

  multiform-validator@2.7.0: {}

  typescript@5.9.3: {}
